
Microsoft Visual Studio Solution File, Format Version 12.00
# Visual Studio Version 16
VisualStudioVersion = 16.0.31424.327
MinimumVisualStudioVersion = 10.0.40219.1
Project("{F184B08F-C81C-45F6-A57F-5ABD9991F28F}") = "code", "code\code.vbproj", "{C6B87FA2-2BFB-43FB-B3FB-E34BFDA35503}"
EndProject
Global
	GlobalSection(SolutionConfigurationPlatforms) = preSolution
		Debug|Any CPU = Debug|Any CPU
		Release|Any CPU = Release|Any CPU
	EndGlobalSection
	GlobalSection(ProjectConfigurationPlatforms) = postSolution
		{C6B87FA2-2BFB-43FB-B3FB-E34BFDA35503}.Debug|Any CPU.ActiveCfg = Debug|Any CPU
		{C6B87FA2-2BFB-43FB-B3FB-E34BFDA35503}.Debug|Any CPU.Build.0 = Debug|Any CPU
		{C6B87FA2-2BFB-43FB-B3FB-E34BFDA35503}.Release|Any CPU.ActiveCfg = Release|Any CPU
		{C6B87FA2-2BFB-43FB-B3FB-E34BFDA35503}.Release|Any CPU.Build.0 = Release|Any CPU
	EndGlobalSection
	GlobalSection(SolutionProperties) = preSolution
		HideSolutionNode = FALSE
	EndGlobalSection
	GlobalSection(ExtensibilityGlobals) = postSolution
		SolutionGuid = {54DC9284-73AE-40A5-BDC2-53CC8E593571}
	EndGlobalSection
EndGlobal
